
Microsoft Visual Studio Solution File, Format Version 12.00
Project("{FAE04EC0-301F-11D3-BF4B-00C04F79EFBC}") = "Lishl.Core", "Lishl.Core\Lishl.Core.csproj", "{D713C4D0-2CBC-4E00-A7EC-809E7BE891A2}"
EndProject
Project("{FAE04EC0-301F-11D3-BF4B-00C04F79EFBC}") = "Lishl.Users.Api", "Lishl.Users.Api\Lishl.Users.Api.csproj", "{FF402D6E-7CC0-4A47-8103-B2534C4E763E}"
EndProject
Project("{FAE04EC0-301F-11D3-BF4B-00C04F79EFBC}") = "Lishl.Links.Api", "Lishl.Links.Api\Lishl.Links.Api.csproj", "{E2AC09ED-8A74-4EB1-86DF-BE281E4B3310}"
EndProject
Project("{FAE04EC0-301F-11D3-BF4B-00C04F79EFBC}") = "Lishl.QRCodes.Api", "Lishl.QRCodes.Api\Lishl.QRCodes.Api.csproj", "{866D8985-0091-47C5-9F7F-6886675F7298}"
EndProject
Project("{FAE04EC0-301F-11D3-BF4B-00C04F79EFBC}") = "Lishl.Infrastructure.MongoDb", "Lishl.Infrastructure.MongoDb\Lishl.Infrastructure.MongoDb.csproj", "{1601376E-00E6-413E-A912-CCAD0B852D2C}"
EndProject
Project("{FAE04EC0-301F-11D3-BF4B-00C04F79EFBC}") = "Lishl.Infrastructure.PostgreSql", "Lishl.Infrastructure.PostgreSql\Lishl.Infrastructure.PostgreSql.csproj", "{2AFC3093-D637-4FBB-801A-C47DA131E3EA}"
EndProject
Project("{FAE04EC0-301F-11D3-BF4B-00C04F79EFBC}") = "Lishl.GraphQL", "Lishl.GraphQL\Lishl.GraphQL.csproj", "{E1D59B3E-2BBB-4056-8EA6-6907C2A6159E}"
EndProject
Global
	GlobalSection(SolutionConfigurationPlatforms) = preSolution
		Debug|Any CPU = Debug|Any CPU
		Release|Any CPU = Release|Any CPU
	EndGlobalSection
	GlobalSection(ProjectConfigurationPlatforms) = postSolution
		{D713C4D0-2CBC-4E00-A7EC-809E7BE891A2}.Debug|Any CPU.ActiveCfg = Debug|Any CPU
		{D713C4D0-2CBC-4E00-A7EC-809E7BE891A2}.Debug|Any CPU.Build.0 = Debug|Any CPU
		{D713C4D0-2CBC-4E00-A7EC-809E7BE891A2}.Release|Any CPU.ActiveCfg = Release|Any CPU
		{D713C4D0-2CBC-4E00-A7EC-809E7BE891A2}.Release|Any CPU.Build.0 = Release|Any CPU
		{FF402D6E-7CC0-4A47-8103-B2534C4E763E}.Debug|Any CPU.ActiveCfg = Debug|Any CPU
		{FF402D6E-7CC0-4A47-8103-B2534C4E763E}.Debug|Any CPU.Build.0 = Debug|Any CPU
		{FF402D6E-7CC0-4A47-8103-B2534C4E763E}.Release|Any CPU.ActiveCfg = Release|Any CPU
		{FF402D6E-7CC0-4A47-8103-B2534C4E763E}.Release|Any CPU.Build.0 = Release|Any CPU
		{E2AC09ED-8A74-4EB1-86DF-BE281E4B3310}.Debug|Any CPU.ActiveCfg = Debug|Any CPU
		{E2AC09ED-8A74-4EB1-86DF-BE281E4B3310}.Debug|Any CPU.Build.0 = Debug|Any CPU
		{E2AC09ED-8A74-4EB1-86DF-BE281E4B3310}.Release|Any CPU.ActiveCfg = Release|Any CPU
		{E2AC09ED-8A74-4EB1-86DF-BE281E4B3310}.Release|Any CPU.Build.0 = Release|Any CPU
		{866D8985-0091-47C5-9F7F-6886675F7298}.Debug|Any CPU.ActiveCfg = Debug|Any CPU
		{866D8985-0091-47C5-9F7F-6886675F7298}.Debug|Any CPU.Build.0 = Debug|Any CPU
		{866D8985-0091-47C5-9F7F-6886675F7298}.Release|Any CPU.ActiveCfg = Release|Any CPU
		{866D8985-0091-47C5-9F7F-6886675F7298}.Release|Any CPU.Build.0 = Release|Any CPU
		{1601376E-00E6-413E-A912-CCAD0B852D2C}.Debug|Any CPU.ActiveCfg = Debug|Any CPU
		{1601376E-00E6-413E-A912-CCAD0B852D2C}.Debug|Any CPU.Build.0 = Debug|Any CPU
		{1601376E-00E6-413E-A912-CCAD0B852D2C}.Release|Any CPU.ActiveCfg = Release|Any CPU
		{1601376E-00E6-413E-A912-CCAD0B852D2C}.Release|Any CPU.Build.0 = Release|Any CPU
		{2AFC3093-D637-4FBB-801A-C47DA131E3EA}.Debug|Any CPU.ActiveCfg = Debug|Any CPU
		{2AFC3093-D637-4FBB-801A-C47DA131E3EA}.Debug|Any CPU.Build.0 = Debug|Any CPU
		{2AFC3093-D637-4FBB-801A-C47DA131E3EA}.Release|Any CPU.ActiveCfg = Release|Any CPU
		{2AFC3093-D637-4FBB-801A-C47DA131E3EA}.Release|Any CPU.Build.0 = Release|Any CPU
		{E1D59B3E-2BBB-4056-8EA6-6907C2A6159E}.Debug|Any CPU.ActiveCfg = Debug|Any CPU
		{E1D59B3E-2BBB-4056-8EA6-6907C2A6159E}.Debug|Any CPU.Build.0 = Debug|Any CPU
		{E1D59B3E-2BBB-4056-8EA6-6907C2A6159E}.Release|Any CPU.ActiveCfg = Release|Any CPU
		{E1D59B3E-2BBB-4056-8EA6-6907C2A6159E}.Release|Any CPU.Build.0 = Release|Any CPU
	EndGlobalSection
EndGlobal
